
Microsoft Visual Studio Solution File, Format Version 12.00
# Visual Studio 15
VisualStudioVersion = 15.0.27130.2036
MinimumVisualStudioVersion = 10.0.40219.1
Project("{FAE04EC0-301F-11D3-BF4B-00C04F79EFBC}") = "XFComputerVision.Android", "XFComputerVision\XFComputerVision.Android\XFComputerVision.Android.csproj", "{0ACD98CE-9C33-460B-9336-E77E72DBC15E}"
EndProject
Project("{FAE04EC0-301F-11D3-BF4B-00C04F79EFBC}") = "XFComputerVision.iOS", "XFComputerVision\XFComputerVision.iOS\XFComputerVision.iOS.csproj", "{3B68C8DF-53D5-47DF-997E-289684CE8779}"
EndProject
Project("{FAE04EC0-301F-11D3-BF4B-00C04F79EFBC}") = "XFComputerVision.UWP", "XFComputerVision\XFComputerVision.UWP\XFComputerVision.UWP.csproj", "{A9F80ED1-FB5F-49D8-A58A-DAE7916C3E7C}"
EndProject
Project("{FAE04EC0-301F-11D3-BF4B-00C04F79EFBC}") = "XFComputerVision", "XFComputerVision\XFComputerVision\XFComputerVision.csproj", "{B8063463-8135-4F79-BF04-FB3164A7A2E8}"
EndProject
Global
	GlobalSection(SolutionConfigurationPlatforms) = preSolution
		Ad-Hoc|Any CPU = Ad-Hoc|Any CPU
		Ad-Hoc|ARM = Ad-Hoc|ARM
		Ad-Hoc|iPhone = Ad-Hoc|iPhone
		Ad-Hoc|iPhoneSimulator = Ad-Hoc|iPhoneSimulator
		Ad-Hoc|x64 = Ad-Hoc|x64
		Ad-Hoc|x86 = Ad-Hoc|x86
		AppStore|Any CPU = AppStore|Any CPU
		AppStore|ARM = AppStore|ARM
		AppStore|iPhone = AppStore|iPhone
		AppStore|iPhoneSimulator = AppStore|iPhoneSimulator
		AppStore|x64 = AppStore|x64
		AppStore|x86 = AppStore|x86
		Debug|Any CPU = Debug|Any CPU
		Debug|ARM = Debug|ARM
		Debug|iPhone = Debug|iPhone
		Debug|iPhoneSimulator = Debug|iPhoneSimulator
		Debug|x64 = Debug|x64
		Debug|x86 = Debug|x86
		Release|Any CPU = Release|Any CPU
		Release|ARM = Release|ARM
		Release|iPhone = Release|iPhone
		Release|iPhoneSimulator = Release|iPhoneSimulator
		Release|x64 = Release|x64
		Release|x86 = Release|x86
	EndGlobalSection
	GlobalSection(ProjectConfigurationPlatforms) = postSolution
		{0ACD98CE-9C33-460B-9336-E77E72DBC15E}.Ad-Hoc|Any CPU.ActiveCfg = Release|Any CPU
		{0ACD98CE-9C33-460B-9336-E77E72DBC15E}.Ad-Hoc|Any CPU.Build.0 = Release|Any CPU
		{0ACD98CE-9C33-460B-9336-E77E72DBC15E}.Ad-Hoc|Any CPU.Deploy.0 = Release|Any CPU
		{0ACD98CE-9C33-460B-9336-E77E72DBC15E}.Ad-Hoc|ARM.ActiveCfg = Release|Any CPU
		{0ACD98CE-9C33-460B-9336-E77E72DBC15E}.Ad-Hoc|ARM.Build.0 = Release|Any CPU
		{0ACD98CE-9C33-460B-9336-E77E72DBC15E}.Ad-Hoc|ARM.Deploy.0 = Release|Any CPU
		{0ACD98CE-9C33-460B-9336-E77E72DBC15E}.Ad-Hoc|iPhone.ActiveCfg = Release|Any CPU
		{0ACD98CE-9C33-460B-9336-E77E72DBC15E}.Ad-Hoc|iPhone.Build.0 = Release|Any CPU
		{0ACD98CE-9C33-460B-9336-E77E72DBC15E}.Ad-Hoc|iPhone.Deploy.0 = Release|Any CPU
		{0ACD98CE-9C33-460B-9336-E77E72DBC15E}.Ad-Hoc|iPhoneSimulator.ActiveCfg = Release|Any CPU
		{0ACD98CE-9C33-460B-9336-E77E72DBC15E}.Ad-Hoc|iPhoneSimulator.Build.0 = Release|Any CPU
		{0ACD98CE-9C33-460B-9336-E77E72DBC15E}.Ad-Hoc|iPhoneSimulator.Deploy.0 = Release|Any CPU
		{0ACD98CE-9C33-460B-9336-E77E72DBC15E}.Ad-Hoc|x64.ActiveCfg = Release|Any CPU
		{0ACD98CE-9C33-460B-9336-E77E72DBC15E}.Ad-Hoc|x64.Build.0 = Release|Any CPU
		{0ACD98CE-9C33-460B-9336-E77E72DBC15E}.Ad-Hoc|x64.Deploy.0 = Release|Any CPU
		{0ACD98CE-9C33-460B-9336-E77E72DBC15E}.Ad-Hoc|x86.ActiveCfg = Release|Any CPU
		{0ACD98CE-9C33-460B-9336-E77E72DBC15E}.Ad-Hoc|x86.Build.0 = Release|Any CPU
		{0ACD98CE-9C33-460B-9336-E77E72DBC15E}.Ad-Hoc|x86.Deploy.0 = Release|Any CPU
		{0ACD98CE-9C33-460B-9336-E77E72DBC15E}.AppStore|Any CPU.ActiveCfg = Release|Any CPU
		{0ACD98CE-9C33-460B-9336-E77E72DBC15E}.AppStore|Any CPU.Build.0 = Release|Any CPU
		{0ACD98CE-9C33-460B-9336-E77E72DBC15E}.AppStore|Any CPU.Deploy.0 = Release|Any CPU
		{0ACD98CE-9C33-460B-9336-E77E72DBC15E}.AppStore|ARM.ActiveCfg = Release|Any CPU
		{0ACD98CE-9C33-460B-9336-E77E72DBC15E}.AppStore|ARM.Build.0 = Release|Any CPU
		{0ACD98CE-9C33-460B-9336-E77E72DBC15E}.AppStore|ARM.Deploy.0 = Release|Any CPU
		{0ACD98CE-9C33-460B-9336-E77E72DBC15E}.AppStore|iPhone.ActiveCfg = Release|Any CPU
		{0ACD98CE-9C33-460B-9336-E77E72DBC15E}.AppStore|iPhone.Build.0 = Release|Any CPU
		{0ACD98CE-9C33-460B-9336-E77E72DBC15E}.AppStore|iPhone.Deploy.0 = Release|Any CPU
		{0ACD98CE-9C33-460B-9336-E77E72DBC15E}.AppStore|iPhoneSimulator.ActiveCfg = Release|Any CPU
		{0ACD98CE-9C33-460B-9336-E77E72DBC15E}.AppStore|iPhoneSimulator.Build.0 = Release|Any CPU
		{0ACD98CE-9C33-460B-9336-E77E72DBC15E}.AppStore|iPhoneSimulator.Deploy.0 = Release|Any CPU
		{0ACD98CE-9C33-460B-9336-E77E72DBC15E}.AppStore|x64.ActiveCfg = Release|Any CPU
		{0ACD98CE-9C33-460B-9336-E77E72DBC15E}.AppStore|x64.Build.0 = Release|Any CPU
		{0ACD98CE-9C33-460B-9336-E77E72DBC15E}.AppStore|x64.Deploy.0 = Release|Any CPU
		{0ACD98CE-9C33-460B-9336-E77E72DBC15E}.AppStore|x86.ActiveCfg = Release|Any CPU
		{0ACD98CE-9C33-460B-9336-E77E72DBC15E}.AppStore|x86.Build.0 = Release|Any CPU
		{0ACD98CE-9C33-460B-9336-E77E72DBC15E}.AppStore|x86.Deploy.0 = Release|Any CPU
		{0ACD98CE-9C33-460B-9336-E77E72DBC15E}.Debug|Any CPU.ActiveCfg = Debug|Any CPU
		{0ACD98CE-9C33-460B-9336-E77E72DBC15E}.Debug|Any CPU.Build.0 = Debug|Any CPU
		{0ACD98CE-9C33-460B-9336-E77E72DBC15E}.Debug|Any CPU.Deploy.0 = Debug|Any CPU
		{0ACD98CE-9C33-460B-9336-E77E72DBC15E}.Debug|ARM.ActiveCfg = Debug|Any CPU
		{0ACD98CE-9C33-460B-9336-E77E72DBC15E}.Debug|ARM.Build.0 = Debug|Any CPU
		{0ACD98CE-9C33-460B-9336-E77E72DBC15E}.Debug|ARM.Deploy.0 = Debug|Any CPU
		{0ACD98CE-9C33-460B-9336-E77E72DBC15E}.Debug|iPhone.ActiveCfg = Debug|Any CPU
		{0ACD98CE-9C33-460B-9336-E77E72DBC15E}.Debug|iPhone.Build.0 = Debug|Any CPU
		{0ACD98CE-9C33-460B-9336-E77E72DBC15E}.Debug|iPhone.Deploy.0 = Debug|Any CPU
		{0ACD98CE-9C33-460B-9336-E77E72DBC15E}.Debug|iPhoneSimulator.ActiveCfg = Debug|Any CPU
		{0ACD98CE-9C33-460B-9336-E77E72DBC15E}.Debug|iPhoneSimulator.Build.0 = Debug|Any CPU
		{0ACD98CE-9C33-460B-9336-E77E72DBC15E}.Debug|iPhoneSimulator.Deploy.0 = Debug|Any CPU
		{0ACD98CE-9C33-460B-9336-E77E72DBC15E}.Debug|x64.ActiveCfg = Debug|Any CPU
		{0ACD98CE-9C33-460B-9336-E77E72DBC15E}.Debug|x64.Build.0 = Debug|Any CPU
		{0ACD98CE-9C33-460B-9336-E77E72DBC15E}.Debug|x64.Deploy.0 = Debug|Any CPU
		{0ACD98CE-9C33-460B-9336-E77E72DBC15E}.Debug|x86.ActiveCfg = Debug|Any CPU
		{0ACD98CE-9C33-460B-9336-E77E72DBC15E}.Debug|x86.Build.0 = Debug|Any CPU
		{0ACD98CE-9C33-460B-9336-E77E72DBC15E}.Debug|x86.Deploy.0 = Debug|Any CPU
		{0ACD98CE-9C33-460B-9336-E77E72DBC15E}.Release|Any CPU.ActiveCfg = Release|Any CPU
		{0ACD98CE-9C33-460B-9336-E77E72DBC15E}.Release|Any CPU.Build.0 = Release|Any CPU
		{0ACD98CE-9C33-460B-9336-E77E72DBC15E}.Release|Any CPU.Deploy.0 = Release|Any CPU
		{0ACD98CE-9C33-460B-9336-E77E72DBC15E}.Release|ARM.ActiveCfg = Release|Any CPU
		{0ACD98CE-9C33-460B-9336-E77E72DBC15E}.Release|ARM.Build.0 = Release|Any CPU
		{0ACD98CE-9C33-460B-9336-E77E72DBC15E}.Release|ARM.Deploy.0 = Release|Any CPU
		{0ACD98CE-9C33-460B-9336-E77E72DBC15E}.Release|iPhone.ActiveCfg = Release|Any CPU
		{0ACD98CE-9C33-460B-9336-E77E72DBC15E}.Release|iPhone.Build.0 = Release|Any CPU
		{0ACD98CE-9C33-460B-9336-E77E72DBC15E}.Release|iPhone.Deploy.0 = Release|Any CPU
		{0ACD98CE-9C33-460B-9336-E77E72DBC15E}.Release|iPhoneSimulator.ActiveCfg = Release|Any CPU
		{0ACD98CE-9C33-460B-9336-E77E72DBC15E}.Release|iPhoneSimulator.Build.0 = Release|Any CPU
		{0ACD98CE-9C33-460B-9336-E77E72DBC15E}.Release|iPhoneSimulator.Deploy.0 = Release|Any CPU
		{0ACD98CE-9C33-460B-9336-E77E72DBC15E}.Release|x64.ActiveCfg = Release|Any CPU
		{0ACD98CE-9C33-460B-9336-E77E72DBC15E}.Release|x64.Build.0 = Release|Any CPU
		{0ACD98CE-9C33-460B-9336-E77E72DBC15E}.Release|x64.Deploy.0 = Release|Any CPU
		{0ACD98CE-9C33-460B-9336-E77E72DBC15E}.Release|x86.ActiveCfg = Release|Any CPU
		{0ACD98CE-9C33-460B-9336-E77E72DBC15E}.Release|x86.Build.0 = Release|Any CPU
		{0ACD98CE-9C33-460B-9336-E77E72DBC15E}.Release|x86.Deploy.0 = Release|Any CPU
		{3B68C8DF-53D5-47DF-997E-289684CE8779}.Ad-Hoc|Any CPU.ActiveCfg = Ad-Hoc|iPhone
		{3B68C8DF-53D5-47DF-997E-289684CE8779}.Ad-Hoc|ARM.ActiveCfg = Ad-Hoc|iPhone
		{3B68C8DF-53D5-47DF-997E-289684CE8779}.Ad-Hoc|iPhone.ActiveCfg = Ad-Hoc|iPhone
		{3B68C8DF-53D5-47DF-997E-289684CE8779}.Ad-Hoc|iPhone.Build.0 = Ad-Hoc|iPhone
		{3B68C8DF-53D5-47DF-997E-289684CE8779}.Ad-Hoc|iPhoneSimulator.ActiveCfg = Ad-Hoc|iPhoneSimulator
		{3B68C8DF-53D5-47DF-997E-289684CE8779}.Ad-Hoc|iPhoneSimulator.Build.0 = Ad-Hoc|iPhoneSimulator
		{3B68C8DF-53D5-47DF-997E-289684CE8779}.Ad-Hoc|x64.ActiveCfg = Ad-Hoc|iPhone
		{3B68C8DF-53D5-47DF-997E-289684CE8779}.Ad-Hoc|x86.ActiveCfg = Ad-Hoc|iPhone
		{3B68C8DF-53D5-47DF-997E-289684CE8779}.AppStore|Any CPU.ActiveCfg = AppStore|iPhone
		{3B68C8DF-53D5-47DF-997E-289684CE8779}.AppStore|ARM.ActiveCfg = AppStore|iPhone
		{3B68C8DF-53D5-47DF-997E-289684CE8779}.AppStore|iPhone.ActiveCfg = AppStore|iPhone
		{3B68C8DF-53D5-47DF-997E-289684CE8779}.AppStore|iPhone.Build.0 = AppStore|iPhone
		{3B68C8DF-53D5-47DF-997E-289684CE8779}.AppStore|iPhoneSimulator.ActiveCfg = AppStore|iPhoneSimulator
		{3B68C8DF-53D5-47DF-997E-289684CE8779}.AppStore|iPhoneSimulator.Build.0 = AppStore|iPhoneSimulator
		{3B68C8DF-53D5-47DF-997E-289684CE8779}.AppStore|x64.ActiveCfg = AppStore|iPhone
		{3B68C8DF-53D5-47DF-997E-289684CE8779}.AppStore|x86.ActiveCfg = AppStore|iPhone
		{3B68C8DF-53D5-47DF-997E-289684CE8779}.Debug|Any CPU.ActiveCfg = Debug|iPhone
		{3B68C8DF-53D5-47DF-997E-289684CE8779}.Debug|ARM.ActiveCfg = Debug|iPhone
		{3B68C8DF-53D5-47DF-997E-289684CE8779}.Debug|iPhone.ActiveCfg = Debug|iPhone
		{3B68C8DF-53D5-47DF-997E-289684CE8779}.Debug|iPhone.Build.0 = Debug|iPhone
		{3B68C8DF-53D5-47DF-997E-289684CE8779}.Debug|iPhoneSimulator.ActiveCfg = Debug|iPhoneSimulator
		{3B68C8DF-53D5-47DF-997E-289684CE8779}.Debug|iPhoneSimulator.Build.0 = Debug|iPhoneSimulator
		{3B68C8DF-53D5-47DF-997E-289684CE8779}.Debug|x64.ActiveCfg = Debug|iPhone
		{3B68C8DF-53D5-47DF-997E-289684CE8779}.Debug|x86.ActiveCfg = Debug|iPhone
		{3B68C8DF-53D5-47DF-997E-289684CE8779}.Release|Any CPU.ActiveCfg = Release|iPhone
		{3B68C8DF-53D5-47DF-997E-289684CE8779}.Release|ARM.ActiveCfg = Release|iPhone
		{3B68C8DF-53D5-47DF-997E-289684CE8779}.Release|iPhone.ActiveCfg = Release|iPhone
		{3B68C8DF-53D5-47DF-997E-289684CE8779}.Release|iPhone.Build.0 = Release|iPhone
		{3B68C8DF-53D5-47DF-997E-289684CE8779}.Release|iPhoneSimulator.ActiveCfg = Release|iPhoneSimulator
		{3B68C8DF-53D5-47DF-997E-289684CE8779}.Release|iPhoneSimulator.Build.0 = Release|iPhoneSimulator
		{3B68C8DF-53D5-47DF-997E-289684CE8779}.Release|x64.ActiveCfg = Release|iPhone
		{3B68C8DF-53D5-47DF-997E-289684CE8779}.Release|x86.ActiveCfg = Release|iPhone
		{A9F80ED1-FB5F-49D8-A58A-DAE7916C3E7C}.Ad-Hoc|Any CPU.ActiveCfg = Release|x86
		{A9F80ED1-FB5F-49D8-A58A-DAE7916C3E7C}.Ad-Hoc|Any CPU.Build.0 = Release|x86
		{A9F80ED1-FB5F-49D8-A58A-DAE7916C3E7C}.Ad-Hoc|Any CPU.Deploy.0 = Release|x86
		{A9F80ED1-FB5F-49D8-A58A-DAE7916C3E7C}.Ad-Hoc|ARM.ActiveCfg = Release|ARM
		{A9F80ED1-FB5F-49D8-A58A-DAE7916C3E7C}.Ad-Hoc|ARM.Build.0 = Release|ARM
		{A9F80ED1-FB5F-49D8-A58A-DAE7916C3E7C}.Ad-Hoc|ARM.Deploy.0 = Release|ARM
		{A9F80ED1-FB5F-49D8-A58A-DAE7916C3E7C}.Ad-Hoc|iPhone.ActiveCfg = Release|x86
		{A9F80ED1-FB5F-49D8-A58A-DAE7916C3E7C}.Ad-Hoc|iPhone.Build.0 = Release|x86
		{A9F80ED1-FB5F-49D8-A58A-DAE7916C3E7C}.Ad-Hoc|iPhone.Deploy.0 = Release|x86
		{A9F80ED1-FB5F-49D8-A58A-DAE7916C3E7C}.Ad-Hoc|iPhoneSimulator.ActiveCfg = Release|x86
		{A9F80ED1-FB5F-49D8-A58A-DAE7916C3E7C}.Ad-Hoc|iPhoneSimulator.Build.0 = Release|x86
		{A9F80ED1-FB5F-49D8-A58A-DAE7916C3E7C}.Ad-Hoc|iPhoneSimulator.Deploy.0 = Release|x86
		{A9F80ED1-FB5F-49D8-A58A-DAE7916C3E7C}.Ad-Hoc|x64.ActiveCfg = Release|x64
		{A9F80ED1-FB5F-49D8-A58A-DAE7916C3E7C}.Ad-Hoc|x64.Build.0 = Release|x64
		{A9F80ED1-FB5F-49D8-A58A-DAE7916C3E7C}.Ad-Hoc|x64.Deploy.0 = Release|x64
		{A9F80ED1-FB5F-49D8-A58A-DAE7916C3E7C}.Ad-Hoc|x86.ActiveCfg = Release|x86
		{A9F80ED1-FB5F-49D8-A58A-DAE7916C3E7C}.Ad-Hoc|x86.Build.0 = Release|x86
		{A9F80ED1-FB5F-49D8-A58A-DAE7916C3E7C}.Ad-Hoc|x86.Deploy.0 = Release|x86
		{A9F80ED1-FB5F-49D8-A58A-DAE7916C3E7C}.AppStore|Any CPU.ActiveCfg = Release|x86
		{A9F80ED1-FB5F-49D8-A58A-DAE7916C3E7C}.AppStore|Any CPU.Build.0 = Release|x86
		{A9F80ED1-FB5F-49D8-A58A-DAE7916C3E7C}.AppStore|Any CPU.Deploy.0 = Release|x86
		{A9F80ED1-FB5F-49D8-A58A-DAE7916C3E7C}.AppStore|ARM.ActiveCfg = Release|ARM
		{A9F80ED1-FB5F-49D8-A58A-DAE7916C3E7C}.AppStore|ARM.Build.0 = Release|ARM
		{A9F80ED1-FB5F-49D8-A58A-DAE7916C3E7C}.AppStore|ARM.Deploy.0 = Release|ARM
		{A9F80ED1-FB5F-49D8-A58A-DAE7916C3E7C}.AppStore|iPhone.ActiveCfg = Release|x86
		{A9F80ED1-FB5F-49D8-A58A-DAE7916C3E7C}.AppStore|iPhone.Build.0 = Release|x86
		{A9F80ED1-FB5F-49D8-A58A-DAE7916C3E7C}.AppStore|iPhone.Deploy.0 = Release|x86
		{A9F80ED1-FB5F-49D8-A58A-DAE7916C3E7C}.AppStore|iPhoneSimulator.ActiveCfg = Release|x86
		{A9F80ED1-FB5F-49D8-A58A-DAE7916C3E7C}.AppStore|iPhoneSimulator.Build.0 = Release|x86
		{A9F80ED1-FB5F-49D8-A58A-DAE7916C3E7C}.AppStore|iPhoneSimulator.Deploy.0 = Release|x86
		{A9F80ED1-FB5F-49D8-A58A-DAE7916C3E7C}.AppStore|x64.ActiveCfg = Release|x64
		{A9F80ED1-FB5F-49D8-A58A-DAE7916C3E7C}.AppStore|x64.Build.0 = Release|x64
		{A9F80ED1-FB5F-49D8-A58A-DAE7916C3E7C}.AppStore|x64.Deploy.0 = Release|x64
		{A9F80ED1-FB5F-49D8-A58A-DAE7916C3E7C}.AppStore|x86.ActiveCfg = Release|x86
		{A9F80ED1-FB5F-49D8-A58A-DAE7916C3E7C}.AppStore|x86.Build.0 = Release|x86
		{A9F80ED1-FB5F-49D8-A58A-DAE7916C3E7C}.AppStore|x86.Deploy.0 = Release|x86
		{A9F80ED1-FB5F-49D8-A58A-DAE7916C3E7C}.Debug|Any CPU.ActiveCfg = Debug|x86
		{A9F80ED1-FB5F-49D8-A58A-DAE7916C3E7C}.Debug|ARM.ActiveCfg = Debug|ARM
		{A9F80ED1-FB5F-49D8-A58A-DAE7916C3E7C}.Debug|ARM.Build.0 = Debug|ARM
		{A9F80ED1-FB5F-49D8-A58A-DAE7916C3E7C}.Debug|ARM.Deploy.0 = Debug|ARM
		{A9F80ED1-FB5F-49D8-A58A-DAE7916C3E7C}.Debug|iPhone.ActiveCfg = Debug|x86
		{A9F80ED1-FB5F-49D8-A58A-DAE7916C3E7C}.Debug|iPhoneSimulator.ActiveCfg = Debug|x86
		{A9F80ED1-FB5F-49D8-A58A-DAE7916C3E7C}.Debug|x64.ActiveCfg = Debug|x64
		{A9F80ED1-FB5F-49D8-A58A-DAE7916C3E7C}.Debug|x64.Build.0 = Debug|x64
		{A9F80ED1-FB5F-49D8-A58A-DAE7916C3E7C}.Debug|x64.Deploy.0 = Debug|x64
		{A9F80ED1-FB5F-49D8-A58A-DAE7916C3E7C}.Debug|x86.ActiveCfg = Debug|x86
		{A9F80ED1-FB5F-49D8-A58A-DAE7916C3E7C}.Debug|x86.Build.0 = Debug|x86
		{A9F80ED1-FB5F-49D8-A58A-DAE7916C3E7C}.Debug|x86.Deploy.0 = Debug|x86
		{A9F80ED1-FB5F-49D8-A58A-DAE7916C3E7C}.Release|Any CPU.ActiveCfg = Release|x86
		{A9F80ED1-FB5F-49D8-A58A-DAE7916C3E7C}.Release|ARM.ActiveCfg = Release|ARM
		{A9F80ED1-FB5F-49D8-A58A-DAE7916C3E7C}.Release|ARM.Build.0 = Release|ARM
		{A9F80ED1-FB5F-49D8-A58A-DAE7916C3E7C}.Release|ARM.Deploy.0 = Release|ARM
		{A9F80ED1-FB5F-49D8-A58A-DAE7916C3E7C}.Release|iPhone.ActiveCfg = Release|x86
		{A9F80ED1-FB5F-49D8-A58A-DAE7916C3E7C}.Release|iPhoneSimulator.ActiveCfg = Release|x86
		{A9F80ED1-FB5F-49D8-A58A-DAE7916C3E7C}.Release|x64.ActiveCfg = Release|x64
		{A9F80ED1-FB5F-49D8-A58A-DAE7916C3E7C}.Release|x64.Build.0 = Release|x64
		{A9F80ED1-FB5F-49D8-A58A-DAE7916C3E7C}.Release|x64.Deploy.0 = Release|x64
		{A9F80ED1-FB5F-49D8-A58A-DAE7916C3E7C}.Release|x86.ActiveCfg = Release|x86
		{A9F80ED1-FB5F-49D8-A58A-DAE7916C3E7C}.Release|x86.Build.0 = Release|x86
		{A9F80ED1-FB5F-49D8-A58A-DAE7916C3E7C}.Release|x86.Deploy.0 = Release|x86
		{B8063463-8135-4F79-BF04-FB3164A7A2E8}.Ad-Hoc|Any CPU.ActiveCfg = Debug|Any CPU
		{B8063463-8135-4F79-BF04-FB3164A7A2E8}.Ad-Hoc|Any CPU.Build.0 = Debug|Any CPU
		{B8063463-8135-4F79-BF04-FB3164A7A2E8}.Ad-Hoc|ARM.ActiveCfg = Debug|Any CPU
		{B8063463-8135-4F79-BF04-FB3164A7A2E8}.Ad-Hoc|ARM.Build.0 = Debug|Any CPU
		{B8063463-8135-4F79-BF04-FB3164A7A2E8}.Ad-Hoc|iPhone.ActiveCfg = Debug|Any CPU
		{B8063463-8135-4F79-BF04-FB3164A7A2E8}.Ad-Hoc|iPhone.Build.0 = Debug|Any CPU
		{B8063463-8135-4F79-BF04-FB3164A7A2E8}.Ad-Hoc|iPhoneSimulator.ActiveCfg = Debug|Any CPU
		{B8063463-8135-4F79-BF04-FB3164A7A2E8}.Ad-Hoc|iPhoneSimulator.Build.0 = Debug|Any CPU
		{B8063463-8135-4F79-BF04-FB3164A7A2E8}.Ad-Hoc|x64.ActiveCfg = Debug|Any CPU
		{B8063463-8135-4F79-BF04-FB3164A7A2E8}.Ad-Hoc|x64.Build.0 = Debug|Any CPU
		{B8063463-8135-4F79-BF04-FB3164A7A2E8}.Ad-Hoc|x86.ActiveCfg = Debug|Any CPU
		{B8063463-8135-4F79-BF04-FB3164A7A2E8}.Ad-Hoc|x86.Build.0 = Debug|Any CPU
		{B8063463-8135-4F79-BF04-FB3164A7A2E8}.AppStore|Any CPU.ActiveCfg = Debug|Any CPU
		{B8063463-8135-4F79-BF04-FB3164A7A2E8}.AppStore|Any CPU.Build.0 = Debug|Any CPU
		{B8063463-8135-4F79-BF04-FB3164A7A2E8}.AppStore|ARM.ActiveCfg = Debug|Any CPU
		{B8063463-8135-4F79-BF04-FB3164A7A2E8}.AppStore|ARM.Build.0 = Debug|Any CPU
		{B8063463-8135-4F79-BF04-FB3164A7A2E8}.AppStore|iPhone.ActiveCfg = Debug|Any CPU
		{B8063463-8135-4F79-BF04-FB3164A7A2E8}.AppStore|iPhone.Build.0 = Debug|Any CPU
		{B8063463-8135-4F79-BF04-FB3164A7A2E8}.AppStore|iPhoneSimulator.ActiveCfg = Debug|Any CPU
		{B8063463-8135-4F79-BF04-FB3164A7A2E8}.AppStore|iPhoneSimulator.Build.0 = Debug|Any CPU
		{B8063463-8135-4F79-BF04-FB3164A7A2E8}.AppStore|x64.ActiveCfg = Debug|Any CPU
		{B8063463-8135-4F79-BF04-FB3164A7A2E8}.AppStore|x64.Build.0 = Debug|Any CPU
		{B8063463-8135-4F79-BF04-FB3164A7A2E8}.AppStore|x86.ActiveCfg = Debug|Any CPU
		{B8063463-8135-4F79-BF04-FB3164A7A2E8}.AppStore|x86.Build.0 = Debug|Any CPU
		{B8063463-8135-4F79-BF04-FB3164A7A2E8}.Debug|Any CPU.ActiveCfg = Debug|Any CPU
		{B8063463-8135-4F79-BF04-FB3164A7A2E8}.Debug|Any CPU.Build.0 = Debug|Any CPU
		{B8063463-8135-4F79-BF04-FB3164A7A2E8}.Debug|ARM.ActiveCfg = Debug|Any CPU
		{B8063463-8135-4F79-BF04-FB3164A7A2E8}.Debug|ARM.Build.0 = Debug|Any CPU
		{B8063463-8135-4F79-BF04-FB3164A7A2E8}.Debug|iPhone.ActiveCfg = Debug|Any CPU
		{B8063463-8135-4F79-BF04-FB3164A7A2E8}.Debug|iPhone.Build.0 = Debug|Any CPU
		{B8063463-8135-4F79-BF04-FB3164A7A2E8}.Debug|iPhoneSimulator.ActiveCfg = Debug|Any CPU
		{B8063463-8135-4F79-BF04-FB3164A7A2E8}.Debug|iPhoneSimulator.Build.0 = Debug|Any CPU
		{B8063463-8135-4F79-BF04-FB3164A7A2E8}.Debug|x64.ActiveCfg = Debug|Any CPU
		{B8063463-8135-4F79-BF04-FB3164A7A2E8}.Debug|x64.Build.0 = Debug|Any CPU
		{B8063463-8135-4F79-BF04-FB3164A7A2E8}.Debug|x86.ActiveCfg = Debug|Any CPU
		{B8063463-8135-4F79-BF04-FB3164A7A2E8}.Debug|x86.Build.0 = Debug|Any CPU
		{B8063463-8135-4F79-BF04-FB3164A7A2E8}.Release|Any CPU.ActiveCfg = Release|Any CPU
		{B8063463-8135-4F79-BF04-FB3164A7A2E8}.Release|Any CPU.Build.0 = Release|Any CPU
		{B8063463-8135-4F79-BF04-FB3164A7A2E8}.Release|ARM.ActiveCfg = Release|Any CPU
		{B8063463-8135-4F79-BF04-FB3164A7A2E8}.Release|ARM.Build.0 = Release|Any CPU
		{B8063463-8135-4F79-BF04-FB3164A7A2E8}.Release|iPhone.ActiveCfg = Release|Any CPU
		{B8063463-8135-4F79-BF04-FB3164A7A2E8}.Release|iPhone.Build.0 = Release|Any CPU
		{B8063463-8135-4F79-BF04-FB3164A7A2E8}.Release|iPhoneSimulator.ActiveCfg = Release|Any CPU
		{B8063463-8135-4F79-BF04-FB3164A7A2E8}.Release|iPhoneSimulator.Build.0 = Release|Any CPU
		{B8063463-8135-4F79-BF04-FB3164A7A2E8}.Release|x64.ActiveCfg = Release|Any CPU
		{B8063463-8135-4F79-BF04-FB3164A7A2E8}.Release|x64.Build.0 = Release|Any CPU
		{B8063463-8135-4F79-BF04-FB3164A7A2E8}.Release|x86.ActiveCfg = Release|Any CPU
		{B8063463-8135-4F79-BF04-FB3164A7A2E8}.Release|x86.Build.0 = Release|Any CPU
	EndGlobalSection
	GlobalSection(SolutionProperties) = preSolution
		HideSolutionNode = FALSE
	EndGlobalSection
	GlobalSection(ExtensibilityGlobals) = postSolution
		SolutionGuid = {E70042BB-7ECA-4889-A02C-49DC7EE83D1E}
	EndGlobalSection
EndGlobal
